
Microsoft Visual Studio Solution File, Format Version 12.00
# Visual Studio Version 16
VisualStudioVersion = 16.0.30204.135
MinimumVisualStudioVersion = 10.0.40219.1
Project("{FAE04EC0-301F-11D3-BF4B-00C04F79EFBC}") = "WebApplication1", "WebApplication1.csproj", "{50117B04-FC31-4077-8EBC-BF338EF9E607}"
EndProject
Global
	GlobalSection(SolutionConfigurationPlatforms) = preSolution
		Debug|Any CPU = Debug|Any CPU
		Release|Any CPU = Release|Any CPU
	EndGlobalSection
	GlobalSection(ProjectConfigurationPlatforms) = postSolution
		{50117B04-FC31-4077-8EBC-BF338EF9E607}.Debug|Any CPU.ActiveCfg = Debug|Any CPU
		{50117B04-FC31-4077-8EBC-BF338EF9E607}.Debug|Any CPU.Build.0 = Debug|Any CPU
		{50117B04-FC31-4077-8EBC-BF338EF9E607}.Release|Any CPU.ActiveCfg = Release|Any CPU
		{50117B04-FC31-4077-8EBC-BF338EF9E607}.Release|Any CPU.Build.0 = Release|Any CPU
	EndGlobalSection
	GlobalSection(SolutionProperties) = preSolution
		HideSolutionNode = FALSE
	EndGlobalSection
	GlobalSection(ExtensibilityGlobals) = postSolution
		SolutionGuid = {43DF1B94-C8C2-470F-8AF7-3BA44DD8FA64}
	EndGlobalSection
EndGlobal
